github.com/AlexsanderHamir/IdleSpy v1.0.1 h1:PN8un1p0MsXlMRZdsavM2aUzh/XMGIdWmzB0F19fsJI=
github.com/AlexsanderHamir/IdleSpy v1.0.1/go.mod h1:l/vu9BlF9cHSqIL0k1HbZHDNnbUlbUlMy+qf9waqwSM=
github.com/AlexsanderHamir/IdleSpy v1.0.2 h1:PrqUXTQU/O6qRFzAZB+26OJOIuYSlveuDx61byI+3vU=
github.com/AlexsanderHamir/IdleSpy v1.0.2/go.mod h1:l/vu9BlF9cHSqIL0k1HbZHDNnbUlbUlMy+qf9waqwSM=
github.com/AlexsanderHamir/IdleSpy v1.0.3 h1:veYT5Faw0P4FStz2zTUBGkTtZALpFFhsw+k+3+T9DK8=
github.com/AlexsanderHamir/IdleSpy v1.0.3/go.mod h1:l/vu9BlF9cHSqIL0k1HbZHDNnbUlbUlMy+qf9waqwSM=
