github.com/AlexsanderHamir/IdleSpy v1.0.5 h1:gRIzsQyy3JSGsPIL/E4q1ancUoJ8ymnjtRj8xTrtres=
github.com/AlexsanderHamir/IdleSpy v1.0.5/go.mod h1:l/vu9BlF9cHSqIL0k1HbZHDNnbUlbUlMy+qf9waqwSM=
github.com/AlexsanderHamir/IdleSpy v1.0.6 h1:h4b29IqA7gq4wRstJYBlnTYBOOR0Gyh6Yov3rgFEOtE=
github.com/AlexsanderHamir/IdleSpy v1.0.6/go.mod h1:l/vu9BlF9cHSqIL0k1HbZHDNnbUlbUlMy+qf9waqwSM=
