github.com/AlexsanderHamir/GoFlow v1.0.6 h1:4sMeVcL9Nouqf1e6AbSHYHEsxWMUR/RFAjhoQtny/Ww=
github.com/AlexsanderHamir/GoFlow v1.0.6/go.mod h1:JP6gY8qL+Rfp0qen8KD209RU2GOquSfNHVN1b/nV32A=
github.com/AlexsanderHamir/IdleSpy v1.1.5 h1:EdYB8S9sQfDzzvLnl9CmDt6oukKnW/H6h4tr/i9zulo=
github.com/AlexsanderHamir/IdleSpy v1.1.5/go.mod h1:l/vu9BlF9cHSqIL0k1HbZHDNnbUlbUlMy+qf9waqwSM=
